// !$*UTF8*$!
{
	archiveVersion = 1;
	classes = {
	};
	objectVersion = 50;
	objects = {

/* Begin PBXBuildFile section */
		E017992425AB4DFB005D53F1 /* AppDelegate.swift in Sources */ = {isa = PBXBuildFile; fileRef = E017992325AB4DFB005D53F1 /* AppDelegate.swift */; };
		E017992625AB4DFB005D53F1 /* SceneDelegate.swift in Sources */ = {isa = PBXBuildFile; fileRef = E017992525AB4DFB005D53F1 /* SceneDelegate.swift */; };
		E017992825AB4DFB005D53F1 /* ViewController.swift in Sources */ = {isa = PBXBuildFile; fileRef = E017992725AB4DFB005D53F1 /* ViewController.swift */; };
		E017992B25AB4DFB005D53F1 /* Main.storyboard in Resources */ = {isa = PBXBuildFile; fileRef = E017992925AB4DFB005D53F1 /* Main.storyboard */; };
		E017992D25AB4DFF005D53F1 /* Assets.xcassets in Resources */ = {isa = PBXBuildFile; fileRef = E017992C25AB4DFF005D53F1 /* Assets.xcassets */; };
		E017993025AB4DFF005D53F1 /* LaunchScreen.storyboard in Resources */ = {isa = PBXBuildFile; fileRef = E017992E25AB4DFF005D53F1 /* LaunchScreen.storyboard */; };
/* End PBXBuildFile section */

/* Begin PBXFileReference section */
		E017992025AB4DFB005D53F1 /* Map.app */ = {isa = PBXFileReference; explicitFileType = wrapper.application; includeInIndex = 0; path = Map.app; sourceTree = BUILT_PRODUCTS_DIR; };
		E017992325AB4DFB005D53F1 /* AppDelegate.swift */ = {isa = PBXFileReference; lastKnownFileType = sourcecode.swift; path = AppDelegate.swift; sourceTree = "<group>"; };
		E017992525AB4DFB005D53F1 /* SceneDelegate.swift */ = {isa = PBXFileReference; lastKnownFileType = sourcecode.swift; path = SceneDelegate.swift; sourceTree = "<group>"; };
		E017992725AB4DFB005D53F1 /* ViewController.swift */ = {isa = PBXFileReference; lastKnownFileType = sourcecode.swift; path = ViewController.swift; sourceTree = "<group>"; };
		E017992A25AB4DFB005D53F1 /* Base */ = {isa = PBXFileReference; lastKnownFileType = file.storyboard; name = Base; path = Base.lproj/Main.storyboard; sourceTree = "<group>"; };
		E017992C25AB4DFF005D53F1 /* Assets.xcassets */ = {isa = PBXFileReference; lastKnownFileType = folder.assetcatalog; path = Assets.xcassets; sourceTree = "<group>"; };
		E017992F25AB4DFF005D53F1 /* Base */ = {isa = PBXFileReference; lastKnownFileType = file.storyboard; name = Base; path = Base.lproj/LaunchScreen.storyboard; sourceTree = "<group>"; };
		E017993125AB4DFF005D53F1 /* Info.plist */ = {isa = PBXFileReference; lastKnownFileType = text.plist.xml; path = Info.plist; sourceTree = "<group>"; };
/* End PBXFileReference section */

/* Begin PBXFrameworksBuildPhase section */
		E017991D25AB4DFB005D53F1 /* Frameworks */ = {
			isa = PBXFrameworksBuildPhase;
			buildActionMask = 2147483647;
			files = (
			);
			runOnlyForDeploymentPostprocessing = 0;
		};
/* End PBXFrameworksBuildPhase section */

/* Begin PBXGroup section */
		E017991725AB4DFB005D53F1 = {
			isa = PBXGroup;
			children = (
				E017992225AB4DFB005D53F1 /* Map */,
				E017992125AB4DFB005D53F1 /* Products */,
			);
			sourceTree = "<group>";
		};
		E017992125AB4DFB005D53F1 /* Products */ = {
			isa = PBXGroup;
			children = (
				E017992025AB4DFB005D53F1 /* Map.app */,
			);
			name = Products;
			sourceTree = "<group>";
		};
		E017992225AB4DFB005D53F1 /* Map */ = {
			isa = PBXGroup;
			children = (
				E017992325AB4DFB005D53F1 /* AppDelegate.swift */,
				E017992525AB4DFB005D53F1 /* SceneDelegate.swift */,
				E017992725AB4DFB005D53F1 /* ViewController.swift */,
				E017992925AB4DFB005D53F1 /* Main.storyboard */,
				E017992C25AB4DFF005D53F1 /* Assets.xcassets */,
				E017992E25AB4DFF005D53F1 /* LaunchScreen.storyboard */,
				E017993125AB4DFF005D53F1 /* Info.plist */,
			);
			path = Map;
			sourceTree = "<group>";
		};
/* End PBXGroup section */

/* Begin PBXNativeTarget section */
		E017991F25AB4DFB005D53F1 /* Map */ = {
			isa = PBXNativeTarget;
			buildConfigurationList = E017993425AB4DFF005D53F1 /* Build configuration list for PBXNativeTarget "Map" */;
			buildPhases = (
				E017991C25AB4DFB005D53F1 /* Sources */,
				E017991D25AB4DFB005D53F1 /* Frameworks */,
				E017991E25AB4DFB005D53F1 /* Resources */,
			);
			buildRules = (
			);
			dependencies = (
			);
			name = Map;
			productName = Map;
			productReference = E017992025AB4DFB005D53F1 /* Map.app */;
			productType = "com.apple.product-type.application";
		};
/* End PBXNativeTarget section */

/* Begin PBXProject section */
		E017991825AB4DFB005D53F1 /* Project object */ = {
			isa = PBXProject;
			attributes = {
				LastSwiftUpdateCheck = 1230;
				LastUpgradeCheck = 1230;
				TargetAttributes = {
					E017991F25AB4DFB005D53F1 = {
						CreatedOnToolsVersion = 12.3;
					};
				};
			};
			buildConfigurationList = E017991B25AB4DFB005D53F1 /* Build configuration list for PBXProject "Map" */;
			compatibilityVersion = "Xcode 9.3";
			developmentRegion = en;
			hasScannedForEncodings = 0;
			knownRegions = (
				en,
				Base,
			);
			mainGroup = E017991725AB4DFB005D53F1;
			productRefGroup = E017992125AB4DFB005D53F1 /* Products */;
			projectDirPath = "";
			projectRoot = "";
			targets = (
				E017991F25AB4DFB005D53F1 /* Map */,
			);
		};
/* End PBXProject section */

/* Begin PBXResourcesBuildPhase section */
		E017991E25AB4DFB005D53F1 /* Resources */ = {
			isa = PBXResourcesBuildPhase;
			buildActionMask = 2147483647;
			files = (
				E017993025AB4DFF005D53F1 /* LaunchScreen.storyboard in Resources */,
				E017992D25AB4DFF005D53F1 /* Assets.xcassets in Resources */,
				E017992B25AB4DFB005D53F1 /* Main.storyboard in Resources */,
			);
			runOnlyForDeploymentPostprocessing = 0;
		};
/* End PBXResourcesBuildPhase section */

/* Begin PBXSourcesBuildPhase section */
		E017991C25AB4DFB005D53F1 /* Sources */ = {
			isa = PBXSourcesBuildPhase;
			buildActionMask = 2147483647;
			files = (
				E017992825AB4DFB005D53F1 /* ViewController.swift in Sources */,
				E017992425AB4DFB005D53F1 /* AppDelegate.swift in Sources */,
				E017992625AB4DFB005D53F1 /* SceneDelegate.swift in Sources */,
			);
			runOnlyForDeploymentPostprocessing = 0;
		};
/* End PBXSourcesBuildPhase section */

/* Begin PBXVariantGroup section */
		E017992925AB4DFB005D53F1 /* Main.storyboard */ = {
			isa = PBXVariantGroup;
			children = (
				E017992A25AB4DFB005D53F1 /* Base */,
			);
			name = Main.storyboard;
			sourceTree = "<group>";
		};
		E017992E25AB4DFF005D53F1 /* LaunchScreen.storyboard */ = {
			isa = PBXVariantGroup;
			children = (
				E017992F25AB4DFF005D53F1 /* Base */,
			);
			name = LaunchScreen.storyboard;
			sourceTree = "<group>";
		};
/* End PBXVariantGroup section */

/* Begin XCBuildConfiguration section */
		E017993225AB4DFF005D53F1 /* Debug */ = {
			isa = XCBuildConfiguration;
			buildSettings = {
				ALWAYS_SEARCH_USER_PATHS = NO;
				CLANG_ANALYZER_NONNULL = YES;
				CLANG_ANALYZER_NUMBER_OBJECT_CONVERSION = YES_AGGRESSIVE;
				CLANG_CXX_LANGUAGE_STANDARD = "gnu++14";
				CLANG_CXX_LIBRARY = "libc++";
				CLANG_ENABLE_MODULES = YES;
				CLANG_ENABLE_OBJC_ARC = YES;
				CLANG_ENABLE_OBJC_WEAK = YES;
				CLANG_WARN_BLOCK_CAPTURE_AUTORELEASING = YES;
				CLANG_WARN_BOOL_CONVERSION = YES;
				CLANG_WARN_COMMA = YES;
				CLANG_WARN_CONSTANT_CONVERSION = YES;
				CLANG_WARN_DEPRECATED_OBJC_IMPLEMENTATIONS = YES;
				CLANG_WARN_DIRECT_OBJC_ISA_USAGE = YES_ERROR;
				CLANG_WARN_DOCUMENTATION_COMMENTS = YES;
				CLANG_WARN_EMPTY_BODY = YES;
				CLANG_WARN_ENUM_CONVERSION = YES;
				CLANG_WARN_INFINITE_RECURSION = YES;
				CLANG_WARN_INT_CONVERSION = YES;
				CLANG_WARN_NON_LITERAL_NULL_CONVERSION = YES;
				CLANG_WARN_OBJC_IMPLICIT_RETAIN_SELF = YES;
				CLANG_WARN_OBJC_LITERAL_CONVERSION = YES;
				CLANG_WARN_OBJC_ROOT_CLASS = YES_ERROR;
				CLANG_WARN_QUOTED_INCLUDE_IN_FRAMEWORK_HEADER = YES;
				CLANG_WARN_RANGE_LOOP_ANALYSIS = YES;
				CLANG_WARN_STRICT_PROTOTYPES = YES;
				CLANG_WARN_SUSPICIOUS_MOVE = YES;
				CLANG_WARN_UNGUARDED_AVAILABILITY = YES_AGGRESSIVE;
				CLANG_WARN_UNREACHABLE_CODE = YES;
				CLANG_WARN__DUPLICATE_METHOD_MATCH = YES;
				COPY_PHASE_STRIP = NO;
				DEBUG_INFORMATION_FORMAT = dwarf;
				ENABLE_STRICT_OBJC_MSGSEND = YES;
				ENABLE_TESTABILITY = YES;
				GCC_C_LANGUAGE_STANDARD = gnu11;
				GCC_DYNAMIC_NO_PIC = NO;
				GCC_NO_COMMON_BLOCKS = YES;
				GCC_OPTIMIZATION_LEVEL = 0;
				GCC_PREPROCESSOR_DEFINITIONS = (
					"DEBUG=1",
					"$(inherited)",
				);
				GCC_WARN_64_TO_32_BIT_CONVERSION = YES;
				GCC_WARN_ABOUT_RETURN_TYPE = YES_ERROR;
				GCC_WARN_UNDECLARED_SELECTOR = YES;
				GCC_WARN_UNINITIALIZED_AUTOS = YES_AGGRESSIVE;
				GCC_WARN_UNUSED_FUNCTION = YES;
				GCC_WARN_UNUSED_VARIABLE = YES;
				IPHONEOS_DEPLOYMENT_TARGET = 14.3;
				MTL_ENABLE_DEBUG_INFO = INCLUDE_SOURCE;
				MTL_FAST_MATH = YES;
				ONLY_ACTIVE_ARCH = YES;
				SDKROOT = iphoneos;
				SWIFT_ACTIVE_COMPILATION_CONDITIONS = DEBUG;
				SWIFT_OPTIMIZATION_LEVEL = "-Onone";
			};
			name = Debug;
		};
		E017993325AB4DFF005D53F1 /* Release */ = {
			isa = XCBuildConfiguration;
			buildSettings = {
				ALWAYS_SEARCH_USER_PATHS = NO;
				CLANG_ANALYZER_NONNULL = YES;
				CLANG_ANALYZER_NUMBER_OBJECT_CONVERSION = YES_AGGRESSIVE;
				CLANG_CXX_LANGUAGE_STANDARD = "gnu++14";
				CLANG_CXX_LIBRARY = "libc++";
				CLANG_ENABLE_MODULES = YES;
				CLANG_ENABLE_OBJC_ARC = YES;
				CLANG_ENABLE_OBJC_WEAK = YES;
				CLANG_WARN_BLOCK_CAPTURE_AUTORELEASING = YES;
				CLANG_WARN_BOOL_CONVERSION = YES;
				CLANG_WARN_COMMA = YES;
				CLANG_WARN_CONSTANT_CONVERSION = YES;
				CLANG_WARN_DEPRECATED_OBJC_IMPLEMENTATIONS = YES;
				CLANG_WARN_DIRECT_OBJC_ISA_USAGE = YES_ERROR;
				CLANG_WARN_DOCUMENTATION_COMMENTS = YES;
				CLANG_WARN_EMPTY_BODY = YES;
				CLANG_WARN_ENUM_CONVERSION = YES;
				CLANG_WARN_INFINITE_RECURSION = YES;
				CLANG_WARN_INT_CONVERSION = YES;
				CLANG_WARN_NON_LITERAL_NULL_CONVERSION = YES;
				CLANG_WARN_OBJC_IMPLICIT_RETAIN_SELF = YES;
				CLANG_WARN_OBJC_LITERAL_CONVERSION = YES;
				CLANG_WARN_OBJC_ROOT_CLASS = YES_ERROR;
				CLANG_WARN_QUOTED_INCLUDE_IN_FRAMEWORK_HEADER = YES;
				CLANG_WARN_RANGE_LOOP_ANALYSIS = YES;
				CLANG_WARN_STRICT_PROTOTYPES = YES;
				CLANG_WARN_SUSPICIOUS_MOVE = YES;
				CLANG_WARN_UNGUARDED_AVAILABILITY = YES_AGGRESSIVE;
				CLANG_WARN_UNREACHABLE_CODE = YES;
				CLANG_WARN__DUPLICATE_METHOD_MATCH = YES;
				COPY_PHASE_STRIP = NO;
				DEBUG_INFORMATION_FORMAT = "dwarf-with-dsym";
				ENABLE_NS_ASSERTIONS = NO;
				ENABLE_STRICT_OBJC_MSGSEND = YES;
				GCC_C_LANGUAGE_STANDARD = gnu11;
				GCC_NO_COMMON_BLOCKS = YES;
				GCC_WARN_64_TO_32_BIT_CONVERSION = YES;
				GCC_WARN_ABOUT_RETURN_TYPE = YES_ERROR;
				GCC_WARN_UNDECLARED_SELECTOR = YES;
				GCC_WARN_UNINITIALIZED_AUTOS = YES_AGGRESSIVE;
				GCC_WARN_UNUSED_FUNCTION = YES;
				GCC_WARN_UNUSED_VARIABLE = YES;
				IPHONEOS_DEPLOYMENT_TARGET = 14.3;
				MTL_ENABLE_DEBUG_INFO = NO;
				MTL_FAST_MATH = YES;
				SDKROOT = iphoneos;
				SWIFT_COMPILATION_MODE = wholemodule;
				SWIFT_OPTIMIZATION_LEVEL = "-O";
				VALIDATE_PRODUCT = YES;
			};
			name = Release;
		};
		E017993525AB4DFF005D53F1 /* Debug */ = {
			isa = XCBuildConfiguration;
			buildSettings = {
				ASSETCATALOG_COMPILER_APPICON_NAME = AppIcon;
				ASSETCATALOG_COMPILER_GLOBAL_ACCENT_COLOR_NAME = AccentColor;
				CODE_SIGN_STYLE = Automatic;
				DEVELOPMENT_TEAM = UALP44U56N;
				INFOPLIST_FILE = Map/Info.plist;
				LD_RUNPATH_SEARCH_PATHS = (
					"$(inherited)",
					"@executable_path/Frameworks",
				);
				PRODUCT_BUNDLE_IDENTIFIER = Daeki56.Map;
				PRODUCT_NAME = "$(TARGET_NAME)";
				SWIFT_VERSION = 5.0;
				TARGETED_DEVICE_FAMILY = "1,2";
			};
			name = Debug;
		};
		E017993625AB4DFF005D53F1 /* Release */ = {
			isa = XCBuildConfiguration;
			buildSettings = {
				ASSETCATALOG_COMPILER_APPICON_NAME = AppIcon;
				ASSETCATALOG_COMPILER_GLOBAL_ACCENT_COLOR_NAME = AccentColor;
				CODE_SIGN_STYLE = Automatic;
				DEVELOPMENT_TEAM = UALP44U56N;
				INFOPLIST_FILE = Map/Info.plist;
				LD_RUNPATH_SEARCH_PATHS = (
					"$(inherited)",
					"@executable_path/Frameworks",
				);
				PRODUCT_BUNDLE_IDENTIFIER = Daeki56.Map;
				PRODUCT_NAME = "$(TARGET_NAME)";
				SWIFT_VERSION = 5.0;
				TARGETED_DEVICE_FAMILY = "1,2";
			};
			name = Release;
		};
/* End XCBuildConfiguration section */

/* Begin XCConfigurationList section */
		E017991B25AB4DFB005D53F1 /* Build configuration list for PBXProject "Map" */ = {
			isa = XCConfigurationList;
			buildConfigurations = (
				E017993225AB4DFF005D53F1 /* Debug */,
				E017993325AB4DFF005D53F1 /* Release */,
			);
			defaultConfigurationIsVisible = 0;
			defaultConfigurationName = Release;
		};
		E017993425AB4DFF005D53F1 /* Build configuration list for PBXNativeTarget "Map" */ = {
			isa = XCConfigurationList;
			buildConfigurations = (
				E017993525AB4DFF005D53F1 /* Debug */,
				E017993625AB4DFF005D53F1 /* Release */,
			);
			defaultConfigurationIsVisible = 0;
			defaultConfigurationName = Release;
		};
/* End XCConfigurationList section */
	};
	rootObject = E017991825AB4DFB005D53F1 /* Project object */;
}
